
Microsoft Visual Studio Solution File, Format Version 12.00
# Visual Studio 15
VisualStudioVersion = 15.0.28307.572
MinimumVisualStudioVersion = 10.0.40219.1
Project("{FAE04EC0-301F-11D3-BF4B-00C04F79EFBC}") = "FunPlace", "FunPlace\FunPlace.csproj", "{40E88F0B-95FD-4056-8E3C-D0FA0724D91B}"
EndProject
Global
	GlobalSection(SolutionConfigurationPlatforms) = preSolution
		Debug|Any CPU = Debug|Any CPU
		Release|Any CPU = Release|Any CPU
	EndGlobalSection
	GlobalSection(ProjectConfigurationPlatforms) = postSolution
		{40E88F0B-95FD-4056-8E3C-D0FA0724D91B}.Debug|Any CPU.ActiveCfg = Debug|Any CPU
		{40E88F0B-95FD-4056-8E3C-D0FA0724D91B}.Debug|Any CPU.Build.0 = Debug|Any CPU
		{40E88F0B-95FD-4056-8E3C-D0FA0724D91B}.Release|Any CPU.ActiveCfg = Release|Any CPU
		{40E88F0B-95FD-4056-8E3C-D0FA0724D91B}.Release|Any CPU.Build.0 = Release|Any CPU
	EndGlobalSection
	GlobalSection(SolutionProperties) = preSolution
		HideSolutionNode = FALSE
	EndGlobalSection
	GlobalSection(ExtensibilityGlobals) = postSolution
		SolutionGuid = {4C2560DF-ADB5-457E-959D-597037E12E66}
	EndGlobalSection
EndGlobal
